PODS:
  - LBCocoaSpecKit (0.2.0):
    - LBCocoaSpecKit/LBCocoaSubSpec (= 0.2.0)
    - LBCocoaSpecKit/LBCocoaSubSpec2 (= 0.2.0)
  - LBCocoaSpecKit/LBCocoaSubSpec (0.2.0)
  - LBCocoaSpecKit/LBCocoaSubSpec2 (0.2.0)

DEPENDENCIES:
  - LBCocoaSpecKit (from `../`)

EXTERNAL SOURCES:
  LBCocoaSpecKit:
    :path: "../"

SPEC CHECKSUMS:
  LBCocoaSpecKit: bcbdfc6851878aab35d86e1da391ab7ea32f3288

PODFILE CHECKSUM: f7c776f394be033a12ad5cb6896c41184add05ab

COCOAPODS: 1.6.1
